
Microsoft Visual Studio Solution File, Format Version 12.00
# Visual Studio 15
VisualStudioVersion = 15.0.28307.572
MinimumVisualStudioVersion = 10.0.40219.1
Project("{FAE04EC0-301F-11D3-BF4B-00C04F79EFBC}") = "WoWExport", "WoWExport\WoWExport.csproj", "{BE2A2D8E-D3AA-467D-9E71-1B0EACAA7037}"
EndProject
Global
	GlobalSection(SolutionConfigurationPlatforms) = preSolution
		Debug|Any CPU = Debug|Any CPU
		Release|Any CPU = Release|Any CPU
	EndGlobalSection
	GlobalSection(ProjectConfigurationPlatforms) = postSolution
		{BE2A2D8E-D3AA-467D-9E71-1B0EACAA7037}.Debug|Any CPU.ActiveCfg = Debug|Any CPU
		{BE2A2D8E-D3AA-467D-9E71-1B0EACAA7037}.Debug|Any CPU.Build.0 = Debug|Any CPU
		{BE2A2D8E-D3AA-467D-9E71-1B0EACAA7037}.Release|Any CPU.ActiveCfg = Release|Any CPU
		{BE2A2D8E-D3AA-467D-9E71-1B0EACAA7037}.Release|Any CPU.Build.0 = Release|Any CPU
	EndGlobalSection
	GlobalSection(SolutionProperties) = preSolution
		HideSolutionNode = FALSE
	EndGlobalSection
	GlobalSection(ExtensibilityGlobals) = postSolution
		SolutionGuid = {611E3254-2701-4D31-A036-A65F6633A4E3}
	EndGlobalSection
EndGlobal
